
Microsoft Visual Studio Solution File, Format Version 12.00
# Visual Studio 2013
VisualStudioVersion = 12.0.31101.0
MinimumVisualStudioVersion = 10.0.40219.1
Project("{FAE04EC0-301F-11D3-BF4B-00C04F79EFBC}") = "WindowsFormsApplication1", "WindowsFormsApplication1\WindowsFormsApplication1.csproj", "{88726AF1-91DD-42C8-BB27-7AD82493F3BA}"
	ProjectSection(ProjectDependencies) = postProject
		{A9AE40FF-1A21-414A-9FE7-3BE13644CC6D} = {A9AE40FF-1A21-414A-9FE7-3BE13644CC6D}
	EndProjectSection
EndProject
Project("{FAE04EC0-301F-11D3-BF4B-00C04F79EFBC}") = "Newtonsoft.Json", "..\Newtonsoft.Json-4.0.5\Src\Newtonsoft.Json\Newtonsoft.Json.csproj", "{A9AE40FF-1A21-414A-9FE7-3BE13644CC6D}"
EndProject
Global
	GlobalSection(SolutionConfigurationPlatforms) = preSolution
		Debug|Any CPU = Debug|Any CPU
		Release|Any CPU = Release|Any CPU
	EndGlobalSection
	GlobalSection(ProjectConfigurationPlatforms) = postSolution
		{88726AF1-91DD-42C8-BB27-7AD82493F3BA}.Debug|Any CPU.ActiveCfg = Debug|Any CPU
		{88726AF1-91DD-42C8-BB27-7AD82493F3BA}.Debug|Any CPU.Build.0 = Debug|Any CPU
		{88726AF1-91DD-42C8-BB27-7AD82493F3BA}.Release|Any CPU.ActiveCfg = Release|Any CPU
		{88726AF1-91DD-42C8-BB27-7AD82493F3BA}.Release|Any CPU.Build.0 = Release|Any CPU
		{A9AE40FF-1A21-414A-9FE7-3BE13644CC6D}.Debug|Any CPU.ActiveCfg = Debug|Any CPU
		{A9AE40FF-1A21-414A-9FE7-3BE13644CC6D}.Debug|Any CPU.Build.0 = Debug|Any CPU
		{A9AE40FF-1A21-414A-9FE7-3BE13644CC6D}.Release|Any CPU.ActiveCfg = Release|Any CPU
		{A9AE40FF-1A21-414A-9FE7-3BE13644CC6D}.Release|Any CPU.Build.0 = Release|Any CPU
	EndGlobalSection
	GlobalSection(SolutionProperties) = preSolution
		HideSolutionNode = FALSE
	EndGlobalSection
EndGlobal
